
Microsoft Visual Studio Solution File, Format Version 12.00
# Visual Studio Version 17
VisualStudioVersion = 17.0.31903.59
MinimumVisualStudioVersion = 10.0.40219.1

Project("{FAE04EC0-301F-11D3-BF4B-00C04F79EFBC}") = "Go212.POS.Desktop", "Go212.POS.Desktop\Go212.POS.Desktop.csproj", "{A1B2C3D4-0001-0000-0000-000000000001}"
EndProject
Project("{FAE04EC0-301F-11D3-BF4B-00C04F79EFBC}") = "Go212.POS.Domain", "Go212.POS.Domain\Go212.POS.Domain.csproj", "{A1B2C3D4-0001-0000-0000-000000000002}"
EndProject
Project("{FAE04EC0-301F-11D3-BF4B-00C04F79EFBC}") = "Go212.POS.Application", "Go212.POS.Application\Go212.POS.Application.csproj", "{A1B2C3D4-0001-0000-0000-000000000003}"
EndProject
Project("{FAE04EC0-301F-11D3-BF4B-00C04F79EFBC}") = "Go212.POS.Infrastructure", "Go212.POS.Infrastructure\Go212.POS.Infrastructure.csproj", "{A1B2C3D4-0001-0000-0000-000000000004}"
EndProject
Project("{FAE04EC0-301F-11D3-BF4B-00C04F79EFBC}") = "Go212.POS.Tests", "Go212.POS.Tests\Go212.POS.Tests.csproj", "{A1B2C3D4-0001-0000-0000-000000000005}"
EndProject

Global
    GlobalSection(SolutionConfigurationPlatforms) = preSolution
        Debug|Any CPU = Debug|Any CPU
        Release|Any CPU = Release|Any CPU
    EndGlobalSection
    GlobalSection(ProjectConfigurationPlatforms) = postSolution
        {A1B2C3D4-0001-0000-0000-000000000001}.Debug|Any CPU.ActiveCfg = Debug|Any CPU
        {A1B2C3D4-0001-0000-0000-000000000001}.Debug|Any CPU.Build.0 = Debug|Any CPU
        {A1B2C3D4-0001-0000-0000-000000000001}.Release|Any CPU.ActiveCfg = Release|Any CPU
        {A1B2C3D4-0001-0000-0000-000000000001}.Release|Any CPU.Build.0 = Release|Any CPU
        {A1B2C3D4-0001-0000-0000-000000000002}.Debug|Any CPU.ActiveCfg = Debug|Any CPU
        {A1B2C3D4-0001-0000-0000-000000000002}.Debug|Any CPU.Build.0 = Debug|Any CPU
        {A1B2C3D4-0001-0000-0000-000000000002}.Release|Any CPU.ActiveCfg = Release|Any CPU
        {A1B2C3D4-0001-0000-0000-000000000002}.Release|Any CPU.Build.0 = Release|Any CPU
        {A1B2C3D4-0001-0000-0000-000000000003}.Debug|Any CPU.ActiveCfg = Debug|Any CPU
        {A1B2C3D4-0001-0000-0000-000000000003}.Debug|Any CPU.Build.0 = Debug|Any CPU
        {A1B2C3D4-0001-0000-0000-000000000003}.Release|Any CPU.ActiveCfg = Release|Any CPU
        {A1B2C3D4-0001-0000-0000-000000000003}.Release|Any CPU.Build.0 = Release|Any CPU
        {A1B2C3D4-0001-0000-0000-000000000004}.Debug|Any CPU.ActiveCfg = Debug|Any CPU
        {A1B2C3D4-0001-0000-0000-000000000004}.Debug|Any CPU.Build.0 = Debug|Any CPU
        {A1B2C3D4-0001-0000-0000-000000000004}.Release|Any CPU.ActiveCfg = Release|Any CPU
        {A1B2C3D4-0001-0000-0000-000000000004}.Release|Any CPU.Build.0 = Release|Any CPU
        {A1B2C3D4-0001-0000-0000-000000000005}.Debug|Any CPU.ActiveCfg = Debug|Any CPU
        {A1B2C3D4-0001-0000-0000-000000000005}.Debug|Any CPU.Build.0 = Debug|Any CPU
        {A1B2C3D4-0001-0000-0000-000000000005}.Release|Any CPU.ActiveCfg = Release|Any CPU
        {A1B2C3D4-0001-0000-0000-000000000005}.Release|Any CPU.Build.0 = Release|Any CPU
    EndGlobalSection
EndGlobal
